dependencies:
  abobija/rc522:
    dependencies: []
    source:
      path: /home/ajdj/esp/workspace/assisted_ebike_project/ebike_project/components/abobija__rc522
      type: local
    version: 3.3.1
  idf:
    source:
      type: idf
    version: 5.4.1
direct_dependencies:
- abobija/rc522
- idf
manifest_hash: c0ff4322b37dc9e5194391251c82b91c90bcf2373b2948acadc583d36525e0a7
target: esp32
version: 2.0.0
